{
  "requires": true,
  "lockfileVersion": 1,
  "dependencies": {
    "log": {
      "version": "1.4.0",
      "resolved": "http://registry.npm.taobao.org/log/download/log-1.4.0.tgz"
    },
    "xml2js": {
      "version": "0.4.19",
      "resolved": "http://registry.npm.taobao.org/xml2js/download/xml2js-0.4.19.tgz",
      "requires": {
        "sax": "1.2.4",
        "xmlbuilder": "9.0.4"
      },
      "dependencies": {
        "sax": {
          "version": "1.2.4",
          "resolved": "http://registry.npm.taobao.org/sax/download/sax-1.2.4.tgz"
        },
        "xmlbuilder": {
          "version": "9.0.4",
          "resolved": "http://registry.npm.taobao.org/xmlbuilder/download/xmlbuilder-9.0.4.tgz"
        }
      }
    }
  }
}
